
Microsoft Visual Studio Solution File, Format Version 12.00
Project("{FAE04EC0-301F-11D3-BF4B-00C04F79EFBC}") = "Training.FunctionBindingsSamples", "Training.FunctionBindingsSamples\Training.FunctionBindingsSamples.csproj", "{ED011A25-CCF3-4C70-96C4-9BD14D4EC947}"
EndProject
Global
	GlobalSection(SolutionConfigurationPlatforms) = preSolution
		Debug|Any CPU = Debug|Any CPU
		Release|Any CPU = Release|Any CPU
	EndGlobalSection
	GlobalSection(ProjectConfigurationPlatforms) = postSolution
		{ED011A25-CCF3-4C70-96C4-9BD14D4EC947}.Debug|Any CPU.ActiveCfg = Debug|Any CPU
		{ED011A25-CCF3-4C70-96C4-9BD14D4EC947}.Debug|Any CPU.Build.0 = Debug|Any CPU
		{ED011A25-CCF3-4C70-96C4-9BD14D4EC947}.Release|Any CPU.ActiveCfg = Release|Any CPU
		{ED011A25-CCF3-4C70-96C4-9BD14D4EC947}.Release|Any CPU.Build.0 = Release|Any CPU
	EndGlobalSection
EndGlobal
